{
  "name": "pambda-aws-example",
  "version": "0.0.1",
  "lockfileVersion": 1,
  "requires": true,
  "dependencies": {
    "lambda-terminator": {
      "version": "0.0.1",
      "resolved": "https://registry.npmjs.org/lambda-terminator/-/lambda-terminator-0.0.1.tgz",
      "integrity": "sha512-SDoj8tWue7vYMKG2DRa0SSBj+RWvSzoTMwXm9PPLau39wQr1FlACe1CaGtPeScQAgViERC8675toLiaAC6pqug=="
    },
    "lazy-aws-service": {
      "version": "0.0.1",
      "resolved": "https://registry.npmjs.org/lazy-aws-service/-/lazy-aws-service-0.0.1.tgz",
      "integrity": "sha512-chtLqgN/yEM/pZ3m92YbD+Ss/f9QMtScxLiFh/5axWz36zlPdl1IZRYDJM4nIEaDv9KcRXQDFbTyd6thN20saA==",
      "requires": {
        "lazy-property": "1.0.0"
      }
    },
    "lazy-property": {
      "version": "1.0.0",
      "resolved": "https://registry.npmjs.org/lazy-property/-/lazy-property-1.0.0.tgz",
      "integrity": "sha1-hN3Es3Bnm6i9TNz6TAa0PVcREUc="
    },
    "pambda": {
      "version": "0.0.2",
      "resolved": "https://registry.npmjs.org/pambda/-/pambda-0.0.2.tgz",
      "integrity": "sha512-42zZdXy6bHNylrFPcCyilUxjzHBbEWTO2NsEzOw78DS8mvh3t1WKDtXkbq8oXppS97Fv9eo3ZRaeAfJV7Kv38A==",
      "requires": {
        "lambda-terminator": "0.0.1"
      }
    },
    "pambda-aws": {
      "version": "file:../pambda-aws-0.0.1.tgz",
      "integrity": "sha1-MNbqIb/vqA6Rp2CYx2rPGfPNUeY=",
      "requires": {
        "lazy-aws-service": "0.0.1"
      }
    }
  }
}
